
Microsoft Visual Studio Solution File, Format Version 12.00
# Visual Studio Version 17
VisualStudioVersion = 17.0.31717.71
MinimumVisualStudioVersion = 10.0.40219.1
Project("{9A19103F-16F7-4668-BE54-9A1E7A4F7556}") = "TestProjet", "TestProjet\TestProjet.csproj", "{EEB4977B-1B05-4A69-B2C2-04AB277F2C66}"
EndProject
Project("{FAE04EC0-301F-11D3-BF4B-00C04F79EFBC}") = "Infra", "Infra\Infra.csproj", "{94BA0D5E-1BEB-4D11-B294-7A1C922943E2}"
EndProject
Global
	GlobalSection(SolutionConfigurationPlatforms) = preSolution
		Debug|Any CPU = Debug|Any CPU
		Release|Any CPU = Release|Any CPU
	EndGlobalSection
	GlobalSection(ProjectConfigurationPlatforms) = postSolution
		{EEB4977B-1B05-4A69-B2C2-04AB277F2C66}.Debug|Any CPU.ActiveCfg = Debug|Any CPU
		{EEB4977B-1B05-4A69-B2C2-04AB277F2C66}.Debug|Any CPU.Build.0 = Debug|Any CPU
		{EEB4977B-1B05-4A69-B2C2-04AB277F2C66}.Release|Any CPU.ActiveCfg = Release|Any CPU
		{EEB4977B-1B05-4A69-B2C2-04AB277F2C66}.Release|Any CPU.Build.0 = Release|Any CPU
		{94BA0D5E-1BEB-4D11-B294-7A1C922943E2}.Debug|Any CPU.ActiveCfg = Debug|Any CPU
		{94BA0D5E-1BEB-4D11-B294-7A1C922943E2}.Debug|Any CPU.Build.0 = Debug|Any CPU
		{94BA0D5E-1BEB-4D11-B294-7A1C922943E2}.Release|Any CPU.ActiveCfg = Release|Any CPU
		{94BA0D5E-1BEB-4D11-B294-7A1C922943E2}.Release|Any CPU.Build.0 = Release|Any CPU
	EndGlobalSection
	GlobalSection(SolutionProperties) = preSolution
		HideSolutionNode = FALSE
	EndGlobalSection
	GlobalSection(ExtensibilityGlobals) = postSolution
		SolutionGuid = {5BF4B8E1-93F0-42BF-B9F8-8DDB8AD7331F}
	EndGlobalSection
EndGlobal
